// !$*UTF8*$!
{
	archiveVersion = 1;
	classes = {
	};
	objectVersion = 56;
	objects = {

/* Begin PBXBuildFile section */
		0180599F29A613AD00D7659D /* HomeServices.swift in Sources */ = {isa = PBXBuildFile; fileRef = 0180599E29A613AD00D7659D /* HomeServices.swift */; };
		018059A129A6147200D7659D /* HomeViewModel.swift in Sources */ = {isa = PBXBuildFile; fileRef = 018059A029A6147200D7659D /* HomeViewModel.swift */; };
		018059A429A61FA000D7659D /* DetailQRView.swift in Sources */ = {isa = PBXBuildFile; fileRef = 018059A329A61FA000D7659D /* DetailQRView.swift */; };
		018059A729A6249D00D7659D /* MenuServices.swift in Sources */ = {isa = PBXBuildFile; fileRef = 018059A629A6249D00D7659D /* MenuServices.swift */; };
		018059A929A6252D00D7659D /* MenuViewModel.swift in Sources */ = {isa = PBXBuildFile; fileRef = 018059A829A6252D00D7659D /* MenuViewModel.swift */; };
		018059AC29A627A400D7659D /* TabBarView.swift in Sources */ = {isa = PBXBuildFile; fileRef = 018059AB29A627A400D7659D /* TabBarView.swift */; };
		01CBCE1D29A5D47900E7B976 /* TechnoPartner_TestApp.swift in Sources */ = {isa = PBXBuildFile; fileRef = 01CBCE1C29A5D47900E7B976 /* TechnoPartner_TestApp.swift */; };
		01CBCE1F29A5D47900E7B976 /* ContentView.swift in Sources */ = {isa = PBXBuildFile; fileRef = 01CBCE1E29A5D47900E7B976 /* ContentView.swift */; };
		01CBCE2129A5D47B00E7B976 /* Assets.xcassets in Resources */ = {isa = PBXBuildFile; fileRef = 01CBCE2029A5D47B00E7B976 /* Assets.xcassets */; };
		01CBCE2429A5D47B00E7B976 /* Preview Assets.xcassets in Resources */ = {isa = PBXBuildFile; fileRef = 01CBCE2329A5D47B00E7B976 /* Preview Assets.xcassets */; };
		01CBCE3229A5D62A00E7B976 /* LoginView.swift in Sources */ = {isa = PBXBuildFile; fileRef = 01CBCE3129A5D62A00E7B976 /* LoginView.swift */; };
		01CBCE3629A5DB6F00E7B976 /* TPTextFieldView.swift in Sources */ = {isa = PBXBuildFile; fileRef = 01CBCE3529A5DB6F00E7B976 /* TPTextFieldView.swift */; };
		01CBCE3929A5DFA100E7B976 /* String.swift in Sources */ = {isa = PBXBuildFile; fileRef = 01CBCE3829A5DFA100E7B976 /* String.swift */; };
		01CBCE3C29A5E42D00E7B976 /* HomeView.swift in Sources */ = {isa = PBXBuildFile; fileRef = 01CBCE3B29A5E42D00E7B976 /* HomeView.swift */; };
		01CBCE3F29A5EBB900E7B976 /* MenuView.swift in Sources */ = {isa = PBXBuildFile; fileRef = 01CBCE3E29A5EBB900E7B976 /* MenuView.swift */; };
		01CBCE4529A5ED1300E7B976 /* TPTopBarButtonView.swift in Sources */ = {isa = PBXBuildFile; fileRef = 01CBCE4429A5ED1300E7B976 /* TPTopBarButtonView.swift */; };
		01CBCE4829A5F72400E7B976 /* MenuResponse.swift in Sources */ = {isa = PBXBuildFile; fileRef = 01CBCE4729A5F72400E7B976 /* MenuResponse.swift */; };
		01CBCE4B29A6017C00E7B976 /* Line.swift in Sources */ = {isa = PBXBuildFile; fileRef = 01CBCE4A29A6017C00E7B976 /* Line.swift */; };
		01CBCE4E29A609AE00E7B976 /* GetHomeResponseModel.swift in Sources */ = {isa = PBXBuildFile; fileRef = 01CBCE4D29A609AD00E7B976 /* GetHomeResponseModel.swift */; };
		01CBCE5129A60A1C00E7B976 /* Networker.swift in Sources */ = {isa = PBXBuildFile; fileRef = 01CBCE5029A60A1C00E7B976 /* Networker.swift */; };
		01CBCE5329A60A5C00E7B976 /* NetworkFactory.swift in Sources */ = {isa = PBXBuildFile; fileRef = 01CBCE5229A60A5C00E7B976 /* NetworkFactory.swift */; };
		01CBCE5529A60AB400E7B976 /* NetworkError.swift in Sources */ = {isa = PBXBuildFile; fileRef = 01CBCE5429A60AB400E7B976 /* NetworkError.swift */; };
		01CBCE5729A60C2F00E7B976 /* Data.swift in Sources */ = {isa = PBXBuildFile; fileRef = 01CBCE5629A60C2F00E7B976 /* Data.swift */; };
		01CBCE5A29A60D8600E7B976 /* LoginServices.swift in Sources */ = {isa = PBXBuildFile; fileRef = 01CBCE5929A60D8600E7B976 /* LoginServices.swift */; };
		01CBCE5D29A60DD500E7B976 /* DoLoginResponseModel.swift in Sources */ = {isa = PBXBuildFile; fileRef = 01CBCE5C29A60DD500E7B976 /* DoLoginResponseModel.swift */; };
		01CBCE6029A60E7E00E7B976 /* LoginViewModel.swift in Sources */ = {isa = PBXBuildFile; fileRef = 01CBCE5F29A60E7E00E7B976 /* LoginViewModel.swift */; };
		01CBCE6229A60F2D00E7B976 /* UserDefaults.swift in Sources */ = {isa = PBXBuildFile; fileRef = 01CBCE6129A60F2D00E7B976 /* UserDefaults.swift */; };
/* End PBXBuildFile section */

/* Begin PBXFileReference section */
		0180599E29A613AD00D7659D /* HomeServices.swift */ = {isa = PBXFileReference; lastKnownFileType = sourcecode.swift; path = HomeServices.swift; sourceTree = "<group>"; };
		018059A029A6147200D7659D /* HomeViewModel.swift */ = {isa = PBXFileReference; lastKnownFileType = sourcecode.swift; path = HomeViewModel.swift; sourceTree = "<group>"; };
		018059A329A61FA000D7659D /* DetailQRView.swift */ = {isa = PBXFileReference; lastKnownFileType = sourcecode.swift; path = DetailQRView.swift; sourceTree = "<group>"; };
		018059A629A6249D00D7659D /* MenuServices.swift */ = {isa = PBXFileReference; lastKnownFileType = sourcecode.swift; path = MenuServices.swift; sourceTree = "<group>"; };
		018059A829A6252D00D7659D /* MenuViewModel.swift */ = {isa = PBXFileReference; lastKnownFileType = sourcecode.swift; path = MenuViewModel.swift; sourceTree = "<group>"; };
		018059AB29A627A400D7659D /* TabBarView.swift */ = {isa = PBXFileReference; lastKnownFileType = sourcecode.swift; path = TabBarView.swift; sourceTree = "<group>"; };
		01CBCE1929A5D47900E7B976 /* TechnoPartner-Test.app */ = {isa = PBXFileReference; explicitFileType = wrapper.application; includeInIndex = 0; path = "TechnoPartner-Test.app"; sourceTree = BUILT_PRODUCTS_DIR; };
		01CBCE1C29A5D47900E7B976 /* TechnoPartner_TestApp.swift */ = {isa = PBXFileReference; lastKnownFileType = sourcecode.swift; path = TechnoPartner_TestApp.swift; sourceTree = "<group>"; };
		01CBCE1E29A5D47900E7B976 /* ContentView.swift */ = {isa = PBXFileReference; lastKnownFileType = sourcecode.swift; path = ContentView.swift; sourceTree = "<group>"; };
		01CBCE2029A5D47B00E7B976 /* Assets.xcassets */ = {isa = PBXFileReference; lastKnownFileType = folder.assetcatalog; path = Assets.xcassets; sourceTree = "<group>"; };
		01CBCE2329A5D47B00E7B976 /* Preview Assets.xcassets */ = {isa = PBXFileReference; lastKnownFileType = folder.assetcatalog; path = "Preview Assets.xcassets"; sourceTree = "<group>"; };
		01CBCE3129A5D62A00E7B976 /* LoginView.swift */ = {isa = PBXFileReference; lastKnownFileType = sourcecode.swift; path = LoginView.swift; sourceTree = "<group>"; };
		01CBCE3529A5DB6F00E7B976 /* TPTextFieldView.swift */ = {isa = PBXFileReference; lastKnownFileType = sourcecode.swift; path = TPTextFieldView.swift; sourceTree = "<group>"; };
		01CBCE3829A5DFA100E7B976 /* String.swift */ = {isa = PBXFileReference; lastKnownFileType = sourcecode.swift; path = String.swift; sourceTree = "<group>"; };
		01CBCE3B29A5E42D00E7B976 /* HomeView.swift */ = {isa = PBXFileReference; lastKnownFileType = sourcecode.swift; path = HomeView.swift; sourceTree = "<group>"; };
		01CBCE3E29A5EBB900E7B976 /* MenuView.swift */ = {isa = PBXFileReference; lastKnownFileType = sourcecode.swift; path = MenuView.swift; sourceTree = "<group>"; };
		01CBCE4429A5ED1300E7B976 /* TPTopBarButtonView.swift */ = {isa = PBXFileReference; lastKnownFileType = sourcecode.swift; path = TPTopBarButtonView.swift; sourceTree = "<group>"; };
		01CBCE4729A5F72400E7B976 /* MenuResponse.swift */ = {isa = PBXFileReference; lastKnownFileType = sourcecode.swift; path = MenuResponse.swift; sourceTree = "<group>"; };
		01CBCE4A29A6017C00E7B976 /* Line.swift */ = {isa = PBXFileReference; lastKnownFileType = sourcecode.swift; path = Line.swift; sourceTree = "<group>"; };
		01CBCE4D29A609AD00E7B976 /* GetHomeResponseModel.swift */ = {isa = PBXFileReference; lastKnownFileType = sourcecode.swift; path = GetHomeResponseModel.swift; sourceTree = "<group>"; };
		01CBCE5029A60A1C00E7B976 /* Networker.swift */ = {isa = PBXFileReference; lastKnownFileType = sourcecode.swift; path = Networker.swift; sourceTree = "<group>"; };
		01CBCE5229A60A5C00E7B976 /* NetworkFactory.swift */ = {isa = PBXFileReference; lastKnownFileType = sourcecode.swift; path = NetworkFactory.swift; sourceTree = "<group>"; };
		01CBCE5429A60AB400E7B976 /* NetworkError.swift */ = {isa = PBXFileReference; lastKnownFileType = sourcecode.swift; path = NetworkError.swift; sourceTree = "<group>"; };
		01CBCE5629A60C2F00E7B976 /* Data.swift */ = {isa = PBXFileReference; lastKnownFileType = sourcecode.swift; path = Data.swift; sourceTree = "<group>"; };
		01CBCE5929A60D8600E7B976 /* LoginServices.swift */ = {isa = PBXFileReference; lastKnownFileType = sourcecode.swift; path = LoginServices.swift; sourceTree = "<group>"; };
		01CBCE5C29A60DD500E7B976 /* DoLoginResponseModel.swift */ = {isa = PBXFileReference; lastKnownFileType = sourcecode.swift; path = DoLoginResponseModel.swift; sourceTree = "<group>"; };
		01CBCE5F29A60E7E00E7B976 /* LoginViewModel.swift */ = {isa = PBXFileReference; lastKnownFileType = sourcecode.swift; path = LoginViewModel.swift; sourceTree = "<group>"; };
		01CBCE6129A60F2D00E7B976 /* UserDefaults.swift */ = {isa = PBXFileReference; lastKnownFileType = sourcecode.swift; path = UserDefaults.swift; sourceTree = "<group>"; };
/* End PBXFileReference section */

/* Begin PBXFrameworksBuildPhase section */
		01CBCE1629A5D47900E7B976 /* Frameworks */ = {
			isa = PBXFrameworksBuildPhase;
			buildActionMask = 2147483647;
			files = (
			);
			runOnlyForDeploymentPostprocessing = 0;
		};
/* End PBXFrameworksBuildPhase section */

/* Begin PBXGroup section */
		0180599D29A612AC00D7659D /* Services */ = {
			isa = PBXGroup;
			children = (
				0180599E29A613AD00D7659D /* HomeServices.swift */,
			);
			path = Services;
			sourceTree = "<group>";
		};
		018059A229A61F9200D7659D /* DetailQR */ = {
			isa = PBXGroup;
			children = (
				018059A329A61FA000D7659D /* DetailQRView.swift */,
			);
			path = DetailQR;
			sourceTree = "<group>";
		};
		018059A529A6223300D7659D /* Services */ = {
			isa = PBXGroup;
			children = (
				018059A629A6249D00D7659D /* MenuServices.swift */,
			);
			path = Services;
			sourceTree = "<group>";
		};
		018059AA29A6279900D7659D /* TabBar */ = {
			isa = PBXGroup;
			children = (
				018059AB29A627A400D7659D /* TabBarView.swift */,
			);
			path = TabBar;
			sourceTree = "<group>";
		};
		01CBCE1029A5D47900E7B976 = {
			isa = PBXGroup;
			children = (
				01CBCE1B29A5D47900E7B976 /* TechnoPartner-Test */,
				01CBCE1A29A5D47900E7B976 /* Products */,
			);
			sourceTree = "<group>";
		};
		01CBCE1A29A5D47900E7B976 /* Products */ = {
			isa = PBXGroup;
			children = (
				01CBCE1929A5D47900E7B976 /* TechnoPartner-Test.app */,
			);
			name = Products;
			sourceTree = "<group>";
		};
		01CBCE1B29A5D47900E7B976 /* TechnoPartner-Test */ = {
			isa = PBXGroup;
			children = (
				01CBCE4F29A60A0000E7B976 /* Networking */,
				01CBCE3729A5DF9700E7B976 /* Extension */,
				01CBCE2C29A5D5B000E7B976 /* Features */,
				01CBCE2B29A5D5A500E7B976 /* Component */,
				01CBCE2A29A5D57600E7B976 /* InitializedApp */,
				01CBCE2D29A5D5C100E7B976 /* Resource */,
				01CBCE2229A5D47B00E7B976 /* Preview Content */,
			);
			path = "TechnoPartner-Test";
			sourceTree = "<group>";
		};
		01CBCE2229A5D47B00E7B976 /* Preview Content */ = {
			isa = PBXGroup;
			children = (
				01CBCE2329A5D47B00E7B976 /* Preview Assets.xcassets */,
			);
			path = "Preview Content";
			sourceTree = "<group>";
		};
		01CBCE2A29A5D57600E7B976 /* InitializedApp */ = {
			isa = PBXGroup;
			children = (
				01CBCE1C29A5D47900E7B976 /* TechnoPartner_TestApp.swift */,
				01CBCE1E29A5D47900E7B976 /* ContentView.swift */,
			);
			path = InitializedApp;
			sourceTree = "<group>";
		};
		01CBCE2B29A5D5A500E7B976 /* Component */ = {
			isa = PBXGroup;
			children = (
				01CBCE4929A6017000E7B976 /* Shape */,
				01CBCE4029A5ECE100E7B976 /* Button */,
				01CBCE3429A5DB5600E7B976 /* TextField */,
			);
			path = Component;
			sourceTree = "<group>";
		};
		01CBCE2C29A5D5B000E7B976 /* Features */ = {
			isa = PBXGroup;
			children = (
				018059AA29A6279900D7659D /* TabBar */,
				01CBCE3D29A5EB9800E7B976 /* Menu */,
				01CBCE3A29A5E3FF00E7B976 /* Home */,
				01CBCE2F29A5D61900E7B976 /* Auth */,
			);
			path = Features;
			sourceTree = "<group>";
		};
		01CBCE2D29A5D5C100E7B976 /* Resource */ = {
			isa = PBXGroup;
			children = (
				01CBCE2029A5D47B00E7B976 /* Assets.xcassets */,
			);
			path = Resource;
			sourceTree = "<group>";
		};
		01CBCE2F29A5D61900E7B976 /* Auth */ = {
			isa = PBXGroup;
			children = (
				01CBCE3029A5D62000E7B976 /* Login */,
			);
			path = Auth;
			sourceTree = "<group>";
		};
		01CBCE3029A5D62000E7B976 /* Login */ = {
			isa = PBXGroup;
			children = (
				01CBCE5B29A60DC200E7B976 /* Model */,
				01CBCE5829A60D7900E7B976 /* Services */,
				01CBCE3129A5D62A00E7B976 /* LoginView.swift */,
				01CBCE5F29A60E7E00E7B976 /* LoginViewModel.swift */,
			);
			path = Login;
			sourceTree = "<group>";
		};
		01CBCE3429A5DB5600E7B976 /* TextField */ = {
			isa = PBXGroup;
			children = (
				01CBCE3529A5DB6F00E7B976 /* TPTextFieldView.swift */,
			);
			path = TextField;
			sourceTree = "<group>";
		};
		01CBCE3729A5DF9700E7B976 /* Extension */ = {
			isa = PBXGroup;
			children = (
				01CBCE3829A5DFA100E7B976 /* String.swift */,
				01CBCE5629A60C2F00E7B976 /* Data.swift */,
				01CBCE6129A60F2D00E7B976 /* UserDefaults.swift */,
			);
			path = Extension;
			sourceTree = "<group>";
		};
		01CBCE3A29A5E3FF00E7B976 /* Home */ = {
			isa = PBXGroup;
			children = (
				018059A229A61F9200D7659D /* DetailQR */,
				0180599D29A612AC00D7659D /* Services */,
				01CBCE4C29A6099E00E7B976 /* Model */,
				01CBCE3B29A5E42D00E7B976 /* HomeView.swift */,
				018059A029A6147200D7659D /* HomeViewModel.swift */,
			);
			path = Home;
			sourceTree = "<group>";
		};
		01CBCE3D29A5EB9800E7B976 /* Menu */ = {
			isa = PBXGroup;
			children = (
				018059A529A6223300D7659D /* Services */,
				01CBCE4629A5F6D500E7B976 /* Model */,
				01CBCE3E29A5EBB900E7B976 /* MenuView.swift */,
				018059A829A6252D00D7659D /* MenuViewModel.swift */,
			);
			path = Menu;
			sourceTree = "<group>";
		};
		01CBCE4029A5ECE100E7B976 /* Button */ = {
			isa = PBXGroup;
			children = (
				01CBCE4129A5ECE700E7B976 /* TabView */,
			);
			path = Button;
			sourceTree = "<group>";
		};
		01CBCE4129A5ECE700E7B976 /* TabView */ = {
			isa = PBXGroup;
			children = (
				01CBCE4429A5ED1300E7B976 /* TPTopBarButtonView.swift */,
			);
			path = TabView;
			sourceTree = "<group>";
		};
		01CBCE4629A5F6D500E7B976 /* Model */ = {
			isa = PBXGroup;
			children = (
				01CBCE4729A5F72400E7B976 /* MenuResponse.swift */,
			);
			path = Model;
			sourceTree = "<group>";
		};
		01CBCE4929A6017000E7B976 /* Shape */ = {
			isa = PBXGroup;
			children = (
				01CBCE4A29A6017C00E7B976 /* Line.swift */,
			);
			path = Shape;
			sourceTree = "<group>";
		};
		01CBCE4C29A6099E00E7B976 /* Model */ = {
			isa = PBXGroup;
			children = (
				01CBCE4D29A609AD00E7B976 /* GetHomeResponseModel.swift */,
			);
			path = Model;
			sourceTree = "<group>";
		};
		01CBCE4F29A60A0000E7B976 /* Networking */ = {
			isa = PBXGroup;
			children = (
				01CBCE5029A60A1C00E7B976 /* Networker.swift */,
				01CBCE5229A60A5C00E7B976 /* NetworkFactory.swift */,
				01CBCE5429A60AB400E7B976 /* NetworkError.swift */,
			);
			path = Networking;
			sourceTree = "<group>";
		};
		01CBCE5829A60D7900E7B976 /* Services */ = {
			isa = PBXGroup;
			children = (
				01CBCE5929A60D8600E7B976 /* LoginServices.swift */,
			);
			path = Services;
			sourceTree = "<group>";
		};
		01CBCE5B29A60DC200E7B976 /* Model */ = {
			isa = PBXGroup;
			children = (
				01CBCE5C29A60DD500E7B976 /* DoLoginResponseModel.swift */,
			);
			path = Model;
			sourceTree = "<group>";
		};
/* End PBXGroup section */

/* Begin PBXNativeTarget section */
		01CBCE1829A5D47900E7B976 /* TechnoPartner-Test */ = {
			isa = PBXNativeTarget;
			buildConfigurationList = 01CBCE2729A5D47B00E7B976 /* Build configuration list for PBXNativeTarget "TechnoPartner-Test" */;
			buildPhases = (
				01CBCE1529A5D47900E7B976 /* Sources */,
				01CBCE1629A5D47900E7B976 /* Frameworks */,
				01CBCE1729A5D47900E7B976 /* Resources */,
			);
			buildRules = (
			);
			dependencies = (
			);
			name = "TechnoPartner-Test";
			productName = "TechnoPartner-Test";
			productReference = 01CBCE1929A5D47900E7B976 /* TechnoPartner-Test.app */;
			productType = "com.apple.product-type.application";
		};
/* End PBXNativeTarget section */

/* Begin PBXProject section */
		01CBCE1129A5D47900E7B976 /* Project object */ = {
			isa = PBXProject;
			attributes = {
				BuildIndependentTargetsInParallel = 1;
				LastSwiftUpdateCheck = 1420;
				LastUpgradeCheck = 1420;
				TargetAttributes = {
					01CBCE1829A5D47900E7B976 = {
						CreatedOnToolsVersion = 14.2;
					};
				};
			};
			buildConfigurationList = 01CBCE1429A5D47900E7B976 /* Build configuration list for PBXProject "TechnoPartner-Test" */;
			compatibilityVersion = "Xcode 14.0";
			developmentRegion = en;
			hasScannedForEncodings = 0;
			knownRegions = (
				en,
				Base,
			);
			mainGroup = 01CBCE1029A5D47900E7B976;
			productRefGroup = 01CBCE1A29A5D47900E7B976 /* Products */;
			projectDirPath = "";
			projectRoot = "";
			targets = (
				01CBCE1829A5D47900E7B976 /* TechnoPartner-Test */,
			);
		};
/* End PBXProject section */

/* Begin PBXResourcesBuildPhase section */
		01CBCE1729A5D47900E7B976 /* Resources */ = {
			isa = PBXResourcesBuildPhase;
			buildActionMask = 2147483647;
			files = (
				01CBCE2429A5D47B00E7B976 /* Preview Assets.xcassets in Resources */,
				01CBCE2129A5D47B00E7B976 /* Assets.xcassets in Resources */,
			);
			runOnlyForDeploymentPostprocessing = 0;
		};
/* End PBXResourcesBuildPhase section */

/* Begin PBXSourcesBuildPhase section */
		01CBCE1529A5D47900E7B976 /* Sources */ = {
			isa = PBXSourcesBuildPhase;
			buildActionMask = 2147483647;
			files = (
				01CBCE3F29A5EBB900E7B976 /* MenuView.swift in Sources */,
				01CBCE5729A60C2F00E7B976 /* Data.swift in Sources */,
				01CBCE5529A60AB400E7B976 /* NetworkError.swift in Sources */,
				01CBCE3629A5DB6F00E7B976 /* TPTextFieldView.swift in Sources */,
				01CBCE4529A5ED1300E7B976 /* TPTopBarButtonView.swift in Sources */,
				01CBCE3229A5D62A00E7B976 /* LoginView.swift in Sources */,
				01CBCE5329A60A5C00E7B976 /* NetworkFactory.swift in Sources */,
				01CBCE3929A5DFA100E7B976 /* String.swift in Sources */,
				01CBCE6029A60E7E00E7B976 /* LoginViewModel.swift in Sources */,
				018059A729A6249D00D7659D /* MenuServices.swift in Sources */,
				01CBCE5D29A60DD500E7B976 /* DoLoginResponseModel.swift in Sources */,
				01CBCE3C29A5E42D00E7B976 /* HomeView.swift in Sources */,
				01CBCE1F29A5D47900E7B976 /* ContentView.swift in Sources */,
				01CBCE4829A5F72400E7B976 /* MenuResponse.swift in Sources */,
				01CBCE6229A60F2D00E7B976 /* UserDefaults.swift in Sources */,
				018059A929A6252D00D7659D /* MenuViewModel.swift in Sources */,
				018059A429A61FA000D7659D /* DetailQRView.swift in Sources */,
				01CBCE5A29A60D8600E7B976 /* LoginServices.swift in Sources */,
				018059AC29A627A400D7659D /* TabBarView.swift in Sources */,
				01CBCE1D29A5D47900E7B976 /* TechnoPartner_TestApp.swift in Sources */,
				018059A129A6147200D7659D /* HomeViewModel.swift in Sources */,
				01CBCE4B29A6017C00E7B976 /* Line.swift in Sources */,
				01CBCE4E29A609AE00E7B976 /* GetHomeResponseModel.swift in Sources */,
				0180599F29A613AD00D7659D /* HomeServices.swift in Sources */,
				01CBCE5129A60A1C00E7B976 /* Networker.swift in Sources */,
			);
			runOnlyForDeploymentPostprocessing = 0;
		};
/* End PBXSourcesBuildPhase section */

/* Begin XCBuildConfiguration section */
		01CBCE2529A5D47B00E7B976 /* Debug */ = {
			isa = XCBuildConfiguration;
			buildSettings = {
				ALWAYS_SEARCH_USER_PATHS = NO;
				CLANG_ANALYZER_NONNULL = YES;
				CLANG_ANALYZER_NUMBER_OBJECT_CONVERSION = YES_AGGRESSIVE;
				CLANG_CXX_LANGUAGE_STANDARD = "gnu++20";
				CLANG_ENABLE_MODULES = YES;
				CLANG_ENABLE_OBJC_ARC = YES;
				CLANG_ENABLE_OBJC_WEAK = YES;
				CLANG_WARN_BLOCK_CAPTURE_AUTORELEASING = YES;
				CLANG_WARN_BOOL_CONVERSION = YES;
				CLANG_WARN_COMMA = YES;
				CLANG_WARN_CONSTANT_CONVERSION = YES;
				CLANG_WARN_DEPRECATED_OBJC_IMPLEMENTATIONS = YES;
				CLANG_WARN_DIRECT_OBJC_ISA_USAGE = YES_ERROR;
				CLANG_WARN_DOCUMENTATION_COMMENTS = YES;
				CLANG_WARN_EMPTY_BODY = YES;
				CLANG_WARN_ENUM_CONVERSION = YES;
				CLANG_WARN_INFINITE_RECURSION = YES;
				CLANG_WARN_INT_CONVERSION = YES;
				CLANG_WARN_NON_LITERAL_NULL_CONVERSION = YES;
				CLANG_WARN_OBJC_IMPLICIT_RETAIN_SELF = YES;
				CLANG_WARN_OBJC_LITERAL_CONVERSION = YES;
				CLANG_WARN_OBJC_ROOT_CLASS = YES_ERROR;
				CLANG_WARN_QUOTED_INCLUDE_IN_FRAMEWORK_HEADER = YES;
				CLANG_WARN_RANGE_LOOP_ANALYSIS = YES;
				CLANG_WARN_STRICT_PROTOTYPES = YES;
				CLANG_WARN_SUSPICIOUS_MOVE = YES;
				CLANG_WARN_UNGUARDED_AVAILABILITY = YES_AGGRESSIVE;
				CLANG_WARN_UNREACHABLE_CODE = YES;
				CLANG_WARN__DUPLICATE_METHOD_MATCH = YES;
				COPY_PHASE_STRIP = NO;
				DEBUG_INFORMATION_FORMAT = dwarf;
				ENABLE_STRICT_OBJC_MSGSEND = YES;
				ENABLE_TESTABILITY = YES;
				GCC_C_LANGUAGE_STANDARD = gnu11;
				GCC_DYNAMIC_NO_PIC = NO;
				GCC_NO_COMMON_BLOCKS = YES;
				GCC_OPTIMIZATION_LEVEL = 0;
				GCC_PREPROCESSOR_DEFINITIONS = (
					"DEBUG=1",
					"$(inherited)",
				);
				GCC_WARN_64_TO_32_BIT_CONVERSION = YES;
				GCC_WARN_ABOUT_RETURN_TYPE = YES_ERROR;
				GCC_WARN_UNDECLARED_SELECTOR = YES;
				GCC_WARN_UNINITIALIZED_AUTOS = YES_AGGRESSIVE;
				GCC_WARN_UNUSED_FUNCTION = YES;
				GCC_WARN_UNUSED_VARIABLE = YES;
				IPHONEOS_DEPLOYMENT_TARGET = 16.2;
				MTL_ENABLE_DEBUG_INFO = INCLUDE_SOURCE;
				MTL_FAST_MATH = YES;
				ONLY_ACTIVE_ARCH = YES;
				SDKROOT = iphoneos;
				SWIFT_ACTIVE_COMPILATION_CONDITIONS = DEBUG;
				SWIFT_OPTIMIZATION_LEVEL = "-Onone";
			};
			name = Debug;
		};
		01CBCE2629A5D47B00E7B976 /* Release */ = {
			isa = XCBuildConfiguration;
			buildSettings = {
				ALWAYS_SEARCH_USER_PATHS = NO;
				CLANG_ANALYZER_NONNULL = YES;
				CLANG_ANALYZER_NUMBER_OBJECT_CONVERSION = YES_AGGRESSIVE;
				CLANG_CXX_LANGUAGE_STANDARD = "gnu++20";
				CLANG_ENABLE_MODULES = YES;
				CLANG_ENABLE_OBJC_ARC = YES;
				CLANG_ENABLE_OBJC_WEAK = YES;
				CLANG_WARN_BLOCK_CAPTURE_AUTORELEASING = YES;
				CLANG_WARN_BOOL_CONVERSION = YES;
				CLANG_WARN_COMMA = YES;
				CLANG_WARN_CONSTANT_CONVERSION = YES;
				CLANG_WARN_DEPRECATED_OBJC_IMPLEMENTATIONS = YES;
				CLANG_WARN_DIRECT_OBJC_ISA_USAGE = YES_ERROR;
				CLANG_WARN_DOCUMENTATION_COMMENTS = YES;
				CLANG_WARN_EMPTY_BODY = YES;
				CLANG_WARN_ENUM_CONVERSION = YES;
				CLANG_WARN_INFINITE_RECURSION = YES;
				CLANG_WARN_INT_CONVERSION = YES;
				CLANG_WARN_NON_LITERAL_NULL_CONVERSION = YES;
				CLANG_WARN_OBJC_IMPLICIT_RETAIN_SELF = YES;
				CLANG_WARN_OBJC_LITERAL_CONVERSION = YES;
				CLANG_WARN_OBJC_ROOT_CLASS = YES_ERROR;
				CLANG_WARN_QUOTED_INCLUDE_IN_FRAMEWORK_HEADER = YES;
				CLANG_WARN_RANGE_LOOP_ANALYSIS = YES;
				CLANG_WARN_STRICT_PROTOTYPES = YES;
				CLANG_WARN_SUSPICIOUS_MOVE = YES;
				CLANG_WARN_UNGUARDED_AVAILABILITY = YES_AGGRESSIVE;
				CLANG_WARN_UNREACHABLE_CODE = YES;
				CLANG_WARN__DUPLICATE_METHOD_MATCH = YES;
				COPY_PHASE_STRIP = NO;
				DEBUG_INFORMATION_FORMAT = "dwarf-with-dsym";
				ENABLE_NS_ASSERTIONS = NO;
				ENABLE_STRICT_OBJC_MSGSEND = YES;
				GCC_C_LANGUAGE_STANDARD = gnu11;
				GCC_NO_COMMON_BLOCKS = YES;
				GCC_WARN_64_TO_32_BIT_CONVERSION = YES;
				GCC_WARN_ABOUT_RETURN_TYPE = YES_ERROR;
				GCC_WARN_UNDECLARED_SELECTOR = YES;
				GCC_WARN_UNINITIALIZED_AUTOS = YES_AGGRESSIVE;
				GCC_WARN_UNUSED_FUNCTION = YES;
				GCC_WARN_UNUSED_VARIABLE = YES;
				IPHONEOS_DEPLOYMENT_TARGET = 16.2;
				MTL_ENABLE_DEBUG_INFO = NO;
				MTL_FAST_MATH = YES;
				SDKROOT = iphoneos;
				SWIFT_COMPILATION_MODE = wholemodule;
				SWIFT_OPTIMIZATION_LEVEL = "-O";
				VALIDATE_PRODUCT = YES;
			};
			name = Release;
		};
		01CBCE2829A5D47B00E7B976 /* Debug */ = {
			isa = XCBuildConfiguration;
			buildSettings = {
				ASSETCATALOG_COMPILER_APPICON_NAME = AppIcon;
				ASSETCATALOG_COMPILER_GLOBAL_ACCENT_COLOR_NAME = AccentColor;
				CODE_SIGN_STYLE = Automatic;
				CURRENT_PROJECT_VERSION = 1;
				DEVELOPMENT_ASSET_PATHS = "\"TechnoPartner-Test/Preview Content\"";
				DEVELOPMENT_TEAM = XDB22KM8KS;
				ENABLE_PREVIEWS = YES;
				GENERATE_INFOPLIST_FILE = YES;
				INFOPLIST_KEY_UIApplicationSceneManifest_Generation = YES;
				INFOPLIST_KEY_UIApplicationSupportsIndirectInputEvents = YES;
				INFOPLIST_KEY_UILaunchScreen_Generation = YES;
				INFOPLIST_KEY_UISupportedInterfaceOrientations_iPad = "UIInterfaceOrientationPortrait UIInterfaceOrientationPortraitUpsideDown UIInterfaceOrientationLandscapeLeft UIInterfaceOrientationLandscapeRight";
				INFOPLIST_KEY_UISupportedInterfaceOrientations_iPhone = "UIInterfaceOrientationPortrait UIInterfaceOrientationLandscapeLeft UIInterfaceOrientationLandscapeRight";
				IPHONEOS_DEPLOYMENT_TARGET = 15.0;
				LD_RUNPATH_SEARCH_PATHS = (
					"$(inherited)",
					"@executable_path/Frameworks",
				);
				MARKETING_VERSION = 1.0;
				PRODUCT_BUNDLE_IDENTIFIER = "com.rraccoon.TechnoPartner-Test";
				PRODUCT_NAME = "$(TARGET_NAME)";
				SWIFT_EMIT_LOC_STRINGS = YES;
				SWIFT_VERSION = 5.0;
				TARGETED_DEVICE_FAMILY = "1,2";
			};
			name = Debug;
		};
		01CBCE2929A5D47B00E7B976 /* Release */ = {
			isa = XCBuildConfiguration;
			buildSettings = {
				ASSETCATALOG_COMPILER_APPICON_NAME = AppIcon;
				ASSETCATALOG_COMPILER_GLOBAL_ACCENT_COLOR_NAME = AccentColor;
				CODE_SIGN_STYLE = Automatic;
				CURRENT_PROJECT_VERSION = 1;
				DEVELOPMENT_ASSET_PATHS = "\"TechnoPartner-Test/Preview Content\"";
				DEVELOPMENT_TEAM = XDB22KM8KS;
				ENABLE_PREVIEWS = YES;
				GENERATE_INFOPLIST_FILE = YES;
				INFOPLIST_KEY_UIApplicationSceneManifest_Generation = YES;
				INFOPLIST_KEY_UIApplicationSupportsIndirectInputEvents = YES;
				INFOPLIST_KEY_UILaunchScreen_Generation = YES;
				INFOPLIST_KEY_UISupportedInterfaceOrientations_iPad = "UIInterfaceOrientationPortrait UIInterfaceOrientationPortraitUpsideDown UIInterfaceOrientationLandscapeLeft UIInterfaceOrientationLandscapeRight";
				INFOPLIST_KEY_UISupportedInterfaceOrientations_iPhone = "UIInterfaceOrientationPortrait UIInterfaceOrientationLandscapeLeft UIInterfaceOrientationLandscapeRight";
				IPHONEOS_DEPLOYMENT_TARGET = 15.0;
				LD_RUNPATH_SEARCH_PATHS = (
					"$(inherited)",
					"@executable_path/Frameworks",
				);
				MARKETING_VERSION = 1.0;
				PRODUCT_BUNDLE_IDENTIFIER = "com.rraccoon.TechnoPartner-Test";
				PRODUCT_NAME = "$(TARGET_NAME)";
				SWIFT_EMIT_LOC_STRINGS = YES;
				SWIFT_VERSION = 5.0;
				TARGETED_DEVICE_FAMILY = "1,2";
			};
			name = Release;
		};
/* End XCBuildConfiguration section */

/* Begin XCConfigurationList section */
		01CBCE1429A5D47900E7B976 /* Build configuration list for PBXProject "TechnoPartner-Test" */ = {
			isa = XCConfigurationList;
			buildConfigurations = (
				01CBCE2529A5D47B00E7B976 /* Debug */,
				01CBCE2629A5D47B00E7B976 /* Release */,
			);
			defaultConfigurationIsVisible = 0;
			defaultConfigurationName = Release;
		};
		01CBCE2729A5D47B00E7B976 /* Build configuration list for PBXNativeTarget "TechnoPartner-Test" */ = {
			isa = XCConfigurationList;
			buildConfigurations = (
				01CBCE2829A5D47B00E7B976 /* Debug */,
				01CBCE2929A5D47B00E7B976 /* Release */,
			);
			defaultConfigurationIsVisible = 0;
			defaultConfigurationName = Release;
		};
/* End XCConfigurationList section */
	};
	rootObject = 01CBCE1129A5D47900E7B976 /* Project object */;
}
